PODS:
  - AppAuth (1.6.2):
    - AppAuth/Core (= 1.6.2)
    - AppAuth/ExternalUserAgent (= 1.6.2)
  - AppAuth/Core (1.6.2)
  - AppAuth/ExternalUserAgent (1.6.2):
    - AppAuth/Core
  - Capacitor (6.0.0):
    - CapacitorCordova
  - CapacitorActionSheet (6.0.0):
    - Capacitor
  - CapacitorApp (6.0.0):
    - Capacitor
  - CapacitorCamera (6.0.0):
    - Capacitor
  - CapacitorCordova (6.0.0)
  - CapacitorDevice (6.0.0):
    - Capacitor
  - CapacitorDialog (6.0.0):
    - Capacitor
  - CapacitorFilesystem (6.0.0):
    - Capacitor
  - CapacitorGeolocation (6.0.0):
    - Capacitor
  - CapacitorHaptics (6.0.0):
    - Capacitor
  - CapacitorKeyboard (6.0.0):
    - Capacitor
  - CapacitorLocalNotifications (6.0.0):
    - Capacitor
  - CapacitorNetwork (6.0.0):
    - Capacitor
  - CapacitorPushNotifications (6.0.0):
    - Capacitor
  - CapacitorShare (6.0.0):
    - Capacitor
  - CapacitorSplashScreen (6.0.0):
    - Capacitor
  - CapacitorStatusBar (6.0.0):
    - Capacitor
  - CapacitorToast (6.0.0):
    - Capacitor
  - CordovaPlugins (6.0.0):
    - CapacitorCordova
  - CordovaPluginsResources (0.0.105)
  - CordovaPluginsStatic (6.0.0):
    - CapacitorCordova
    - GoogleSignIn (~> 5.0.2)
    - GoogleUtilities (~> 7.2.2)
  - GoogleSignIn (5.0.2):
    - AppAuth (~> 1.2)
    - GTMAppAuth (~> 1.0)
    - GTMSessionFetcher/Core (~> 1.1)
  - GoogleUtilities (7.2.2):
    - GoogleUtilities/AppDelegateSwizzler (= 7.2.2)
    - GoogleUtilities/Environment (= 7.2.2)
    - GoogleUtilities/ISASwizzler (= 7.2.2)
    - GoogleUtilities/Logger (= 7.2.2)
    - GoogleUtilities/MethodSwizzler (= 7.2.2)
    - GoogleUtilities/Network (= 7.2.2)
    - "GoogleUtilities/NSData+zlib (= 7.2.2)"
    - GoogleUtilities/Reachability (= 7.2.2)
    - GoogleUtilities/SwizzlerTestHelpers (= 7.2.2)
    - GoogleUtilities/UserDefaults (= 7.2.2)
  - GoogleUtilities/AppDelegateSwizzler (7.2.2):
    - GoogleUtilities/Environment
    - GoogleUtilities/Logger
    - GoogleUtilities/Network
  - GoogleUtilities/Environment (7.2.2):
    - PromisesObjC (~> 1.2)
  - GoogleUtilities/ISASwizzler (7.2.2)
  - GoogleUtilities/Logger (7.2.2):
    - GoogleUtilities/Environment
  - GoogleUtilities/MethodSwizzler (7.2.2):
    - GoogleUtilities/Logger
  - GoogleUtilities/Network (7.2.2):
    - GoogleUtilities/Logger
    - "GoogleUtilities/NSData+zlib"
    - GoogleUtilities/Reachability
  - "GoogleUtilities/NSData+zlib (7.2.2)"
  - GoogleUtilities/Reachability (7.2.2):
    - GoogleUtilities/Logger
  - GoogleUtilities/SwizzlerTestHelpers (7.2.2):
    - GoogleUtilities/MethodSwizzler
  - GoogleUtilities/UserDefaults (7.2.2):
    - GoogleUtilities/Logger
  - GTMAppAuth (1.3.1):
    - AppAuth/Core (~> 1.6)
    - GTMSessionFetcher/Core (< 3.0, >= 1.5)
  - GTMSessionFetcher/Core (1.7.2)
  - PromisesObjC (1.2.12)

DEPENDENCIES:
  - "Capacitor (from `../../node_modules/@capacitor/ios`)"
  - "CapacitorActionSheet (from `../../node_modules/@capacitor/action-sheet`)"
  - "CapacitorApp (from `../../node_modules/@capacitor/app`)"
  - "CapacitorCamera (from `../../node_modules/@capacitor/camera`)"
  - "CapacitorCordova (from `../../node_modules/@capacitor/ios`)"
  - "CapacitorDevice (from `../../node_modules/@capacitor/device`)"
  - "CapacitorDialog (from `../../node_modules/@capacitor/dialog`)"
  - "CapacitorFilesystem (from `../../node_modules/@capacitor/filesystem`)"
  - "CapacitorGeolocation (from `../../node_modules/@capacitor/geolocation`)"
  - "CapacitorHaptics (from `../../node_modules/@capacitor/haptics`)"
  - "CapacitorKeyboard (from `../../node_modules/@capacitor/keyboard`)"
  - "CapacitorLocalNotifications (from `../../node_modules/@capacitor/local-notifications`)"
  - "CapacitorNetwork (from `../../node_modules/@capacitor/network`)"
  - "CapacitorPushNotifications (from `../../node_modules/@capacitor/push-notifications`)"
  - "CapacitorShare (from `../../node_modules/@capacitor/share`)"
  - "CapacitorSplashScreen (from `../../node_modules/@capacitor/splash-screen`)"
  - "CapacitorStatusBar (from `../../node_modules/@capacitor/status-bar`)"
  - "CapacitorToast (from `../../node_modules/@capacitor/toast`)"
  - CordovaPlugins (from `../capacitor-cordova-ios-plugins`)
  - CordovaPluginsResources (from `../capacitor-cordova-ios-plugins`)
  - CordovaPluginsStatic (from `../capacitor-cordova-ios-plugins`)

SPEC REPOS:
  trunk:
    - AppAuth
    - GoogleSignIn
    - GoogleUtilities
    - GTMAppAuth
    - GTMSessionFetcher
    - PromisesObjC

EXTERNAL SOURCES:
  Capacitor:
    :path: "../../node_modules/@capacitor/ios"
  CapacitorActionSheet:
    :path: "../../node_modules/@capacitor/action-sheet"
  CapacitorApp:
    :path: "../../node_modules/@capacitor/app"
  CapacitorCamera:
    :path: "../../node_modules/@capacitor/camera"
  CapacitorCordova:
    :path: "../../node_modules/@capacitor/ios"
  CapacitorDevice:
    :path: "../../node_modules/@capacitor/device"
  CapacitorDialog:
    :path: "../../node_modules/@capacitor/dialog"
  CapacitorFilesystem:
    :path: "../../node_modules/@capacitor/filesystem"
  CapacitorGeolocation:
    :path: "../../node_modules/@capacitor/geolocation"
  CapacitorHaptics:
    :path: "../../node_modules/@capacitor/haptics"
  CapacitorKeyboard:
    :path: "../../node_modules/@capacitor/keyboard"
  CapacitorLocalNotifications:
    :path: "../../node_modules/@capacitor/local-notifications"
  CapacitorNetwork:
    :path: "../../node_modules/@capacitor/network"
  CapacitorPushNotifications:
    :path: "../../node_modules/@capacitor/push-notifications"
  CapacitorShare:
    :path: "../../node_modules/@capacitor/share"
  CapacitorSplashScreen:
    :path: "../../node_modules/@capacitor/splash-screen"
  CapacitorStatusBar:
    :path: "../../node_modules/@capacitor/status-bar"
  CapacitorToast:
    :path: "../../node_modules/@capacitor/toast"
  CordovaPlugins:
    :path: "../capacitor-cordova-ios-plugins"
  CordovaPluginsResources:
    :path: "../capacitor-cordova-ios-plugins"
  CordovaPluginsStatic:
    :path: "../capacitor-cordova-ios-plugins"

SPEC CHECKSUMS:
  AppAuth: 3bb1d1cd9340bd09f5ed189fb00b1cc28e1e8570
  Capacitor: 559d073c4ca6c27f8e7002c807eea94c3ba435a9
  CapacitorActionSheet: de123f478f394373f84a96614ce2b1a6c30253e4
  CapacitorApp: 9d53aec7101f7b030a950c5bdc4df8612576b279
  CapacitorCamera: b61f125d92a0ef75d7becb7956fed7dd13187ee0
  CapacitorCordova: 8c4bfdf69368512e85b1d8b724dd7546abeb30af
  CapacitorDevice: f8fd88f9edd1261c55a109f32015b09bbbfdc4a0
  CapacitorDialog: 64aa82840ee5e9c066f9e1a49c1e186afd3f24d2
  CapacitorFilesystem: 60e59ba274c234a979e7a3be2552feaadcee4263
  CapacitorGeolocation: 1f12bbe372b65116e851bd8e3a94cf0ef9bacebb
  CapacitorHaptics: 9ebc9363f0e9b8eb4295088a0b474530acf1859b
  CapacitorKeyboard: deacbd09d8d1029c3681197fb05d206b721d5f73
  CapacitorLocalNotifications: 4ab68f0be5f697a579558fadd307d823a9ec1c26
  CapacitorNetwork: f15a94c16a33cba7c47a17814cb6bcfe3ea34ded
  CapacitorPushNotifications: e18636e8a96f1d70b4c669e21c730e995bf5e5c9
  CapacitorShare: a771200d3b924a5d7ad9d9fecbac517e4c0aa74f
  CapacitorSplashScreen: 5431ab8d19c1c6e95777d53bfaa7a36a6c3d94c7
  CapacitorStatusBar: 2e4369f99166125435641b1908d05f561eaba6f6
  CapacitorToast: ba573a7bc5dfd622e78d5be126a84ee221da4180
  CordovaPlugins: c6cca6b7d1d323852c22a8e84df638a5934ff712
  CordovaPluginsResources: 1b3992e05cb6336d2850cd77dd5e3054f2f76f96
  CordovaPluginsStatic: b74b006d16f3863ec7fd712ee86371ed66971ca1
  GoogleSignIn: 7137d297ddc022a7e0aa4619c86d72c909fa7213
  GoogleUtilities: 31c5b01f978a70c6cff2afc6272b3f1921614b43
  GTMAppAuth: 0ff230db599948a9ad7470ca667337803b3fc4dd
  GTMSessionFetcher: 5595ec75acf5be50814f81e9189490412bad82ba
  PromisesObjC: 3113f7f76903778cf4a0586bd1ab89329a0b7b97

PODFILE CHECKSUM: 7743ba205741afb7157f215442075c2f35fa47d0

COCOAPODS: 1.12.1
